
Microsoft Visual Studio Solution File, Format Version 12.00
# Visual Studio 15
Project("{FAE04EC0-301F-11D3-BF4B-00C04F79EFBC}") = "Unity.Netcode.TestHelpers.Runtime", "Unity.Netcode.TestHelpers.Runtime.csproj", "{EC87A084-DC8E-66F5-7D6B-99B79BAFE17A}"
EndProject
Project("{FAE04EC0-301F-11D3-BF4B-00C04F79EFBC}") = "Bootstrap", "Bootstrap.csproj", "{7E6B056A-510F-DB54-DFFF-78F6DFC7F47A}"
EndProject
Project("{FAE04EC0-301F-11D3-BF4B-00C04F79EFBC}") = "UnityEngine.TestRunner", "UnityEngine.TestRunner.csproj", "{9698CB8D-D6A1-C8C5-4536-6905D1ECDBEA}"
EndProject
Project("{FAE04EC0-301F-11D3-BF4B-00C04F79EFBC}") = "Unity.Mathematics", "Unity.Mathematics.csproj", "{594E2D9F-7C8A-6718-8CBA-8E6F14866AEE}"
EndProject
Project("{FAE04EC0-301F-11D3-BF4B-00C04F79EFBC}") = "Unity.Services.Core.Telemetry", "Unity.Services.Core.Telemetry.csproj", "{6CD29707-1C13-5143-3C4E-26327CB96829}"
EndProject
Project("{FAE04EC0-301F-11D3-BF4B-00C04F79EFBC}") = "Unity.Netcode.RuntimeTests", "Unity.Netcode.RuntimeTests.csproj", "{A8D90807-EB40-B8B8-7D1F-CED6A58793CF}"
EndProject
Project("{FAE04EC0-301F-11D3-BF4B-00C04F79EFBC}") = "Unity.Services.Authentication", "Unity.Services.Authentication.csproj", "{747ADFCD-F06D-AE79-9BC9-6B4844138D4B}"
EndProject
Project("{FAE04EC0-301F-11D3-BF4B-00C04F79EFBC}") = "Unity.Services.Core.Environments.Internal", "Unity.Services.Core.Environments.Internal.csproj", "{76BEB341-B62F-C2C0-F003-0C08EFACBAAE}"
EndProject
Project("{FAE04EC0-301F-11D3-BF4B-00C04F79EFBC}") = "Unity.Services.QoS", "Unity.Services.QoS.csproj", "{C22A8C21-6619-55D2-F74A-29349B772C35}"
EndProject
Project("{FAE04EC0-301F-11D3-BF4B-00C04F79EFBC}") = "Unity.Burst", "Unity.Burst.csproj", "{E0ED7668-610B-D092-5625-CDC18AEB33F7}"
EndProject
Project("{FAE04EC0-301F-11D3-BF4B-00C04F79EFBC}") = "Unity.AI.Navigation", "Unity.AI.Navigation.csproj", "{BCCFCE7C-A432-0BBE-DF3E-7BEA25375968}"
EndProject
Project("{FAE04EC0-301F-11D3-BF4B-00C04F79EFBC}") = "Unity.TextMeshPro", "Unity.TextMeshPro.csproj", "{93E352D0-33B4-B7F4-F7BD-AA79A87538DD}"
EndProject
Project("{FAE04EC0-301F-11D3-BF4B-00C04F79EFBC}") = "Unity.Netcode.Runtime", "Unity.Netcode.Runtime.csproj", "{A242E91B-25F3-FF94-ABF0-C28D50513101}"
EndProject
Project("{FAE04EC0-301F-11D3-BF4B-00C04F79EFBC}") = "Unity.Services.Relay", "Unity.Services.Relay.csproj", "{2736C723-444F-41F1-09DD-DC336D4BC7A0}"
EndProject
Project("{FAE04EC0-301F-11D3-BF4B-00C04F79EFBC}") = "Unity.Addressables", "Unity.Addressables.csproj", "{EB77DA53-23DE-BDE1-976C-BF99B6D6FB06}"
EndProject
Project("{FAE04EC0-301F-11D3-BF4B-00C04F79EFBC}") = "Unity.ResourceManager", "Unity.ResourceManager.csproj", "{A436FB5D-11CB-8E56-D59C-79D42D96045E}"
EndProject
Project("{FAE04EC0-301F-11D3-BF4B-00C04F79EFBC}") = "Unity.Timeline", "Unity.Timeline.csproj", "{0A35E807-66ED-933C-3BE3-C8DF77BFF8ED}"
EndProject
Project("{FAE04EC0-301F-11D3-BF4B-00C04F79EFBC}") = "Unity.Collections", "Unity.Collections.csproj", "{C59D80AE-2385-10FC-F7AE-FE78C71DA33F}"
EndProject
Project("{FAE04EC0-301F-11D3-BF4B-00C04F79EFBC}") = "Unity.Services.Core", "Unity.Services.Core.csproj", "{25A16A06-21CC-CDD7-A950-AF6876631807}"
EndProject
Project("{FAE04EC0-301F-11D3-BF4B-00C04F79EFBC}") = "Unity.Networking.Transport", "Unity.Networking.Transport.csproj", "{E33CC97E-E2DF-07E5-B0FE-DE1BB7CF2BB4}"
EndProject
Project("{FAE04EC0-301F-11D3-BF4B-00C04F79EFBC}") = "Unity.PerformanceTesting", "Unity.PerformanceTesting.csproj", "{EC26704E-AB72-94FD-207E-04CE4C37A8C8}"
EndProject
Project("{FAE04EC0-301F-11D3-BF4B-00C04F79EFBC}") = "Assembly-CSharp", "Assembly-CSharp.csproj", "{4B17D4F2-4CE4-6848-3954-BE419E293000}"
EndProject
Project("{FAE04EC0-301F-11D3-BF4B-00C04F79EFBC}") = "Unity.Services.Core.Environments", "Unity.Services.Core.Environments.csproj", "{6A9FCDDB-E0E9-9CF3-0CC4-2F1FA6DF2A8D}"
EndProject
Project("{FAE04EC0-301F-11D3-BF4B-00C04F79EFBC}") = "Unity.Services.Core.Internal", "Unity.Services.Core.Internal.csproj", "{51B60D6D-6E29-C7CF-A16D-7B514582176E}"
EndProject
Project("{FAE04EC0-301F-11D3-BF4B-00C04F79EFBC}") = "Unity.Services.Core.Analytics", "Unity.Services.Core.Analytics.csproj", "{C2B931B6-3D22-1909-CD2D-6C0D80A95054}"
EndProject
Project("{FAE04EC0-301F-11D3-BF4B-00C04F79EFBC}") = "Unity.ScriptableBuildPipeline", "Unity.ScriptableBuildPipeline.csproj", "{0DBD1A2F-6E04-2713-886E-6653BC7D8E0E}"
EndProject
Project("{FAE04EC0-301F-11D3-BF4B-00C04F79EFBC}") = "Unity.Netcode.Components", "Unity.Netcode.Components.csproj", "{9EAD3E0E-7CB6-653A-981E-E8428F435468}"
EndProject
Project("{FAE04EC0-301F-11D3-BF4B-00C04F79EFBC}") = "Unity.Services.Core.Scheduler", "Unity.Services.Core.Scheduler.csproj", "{0A7CD5FF-99AF-58DB-AB45-CE0203450F8E}"
EndProject
Project("{FAE04EC0-301F-11D3-BF4B-00C04F79EFBC}") = "Unity.Services.Core.Registration", "Unity.Services.Core.Registration.csproj", "{70879D31-04F8-089F-591A-733757988E56}"
EndProject
Project("{FAE04EC0-301F-11D3-BF4B-00C04F79EFBC}") = "Unity.Services.Core.Device", "Unity.Services.Core.Device.csproj", "{EB3159D7-AB70-DF8B-708D-C76DFBFB936C}"
EndProject
Project("{FAE04EC0-301F-11D3-BF4B-00C04F79EFBC}") = "Unity.Services.Core.Threading", "Unity.Services.Core.Threading.csproj", "{80B630D9-A194-6027-36CA-3AA4156FD527}"
EndProject
Project("{FAE04EC0-301F-11D3-BF4B-00C04F79EFBC}") = "Unity.Services.Core.Networking", "Unity.Services.Core.Networking.csproj", "{9F8A1921-5B19-3A73-352E-EF18A7AF30D0}"
EndProject
Project("{FAE04EC0-301F-11D3-BF4B-00C04F79EFBC}") = "Unity.Services.Core.Configuration", "Unity.Services.Core.Configuration.csproj", "{1E35F676-8350-141F-27B7-8906F42DA3A3}"
EndProject
Project("{FAE04EC0-301F-11D3-BF4B-00C04F79EFBC}") = "Unity.PackageValidationSuite.Editor", "Unity.PackageValidationSuite.Editor.csproj", "{693FE464-0939-C46D-E2FF-AF58F4B8AB69}"
EndProject
Project("{FAE04EC0-301F-11D3-BF4B-00C04F79EFBC}") = "Unity.PlasticSCM.Editor", "Unity.PlasticSCM.Editor.csproj", "{39B92571-B1F5-7649-3092-55C7D1246F40}"
EndProject
Project("{FAE04EC0-301F-11D3-BF4B-00C04F79EFBC}") = "Unity.Addressables.Editor", "Unity.Addressables.Editor.csproj", "{C355CE5D-CCCF-8DD4-864C-191FC84CC935}"
EndProject
Project("{FAE04EC0-301F-11D3-BF4B-00C04F79EFBC}") = "Unity.VisualStudio.Editor", "Unity.VisualStudio.Editor.csproj", "{19C78275-1865-FCAD-2161-C7C4C1DF8055}"
EndProject
Project("{FAE04EC0-301F-11D3-BF4B-00C04F79EFBC}") = "Unity.Timeline.Editor", "Unity.Timeline.Editor.csproj", "{48C88CC5-C10C-26D4-F9E4-CD801DC6C332}"
EndProject
Project("{FAE04EC0-301F-11D3-BF4B-00C04F79EFBC}") = "Unity.APIComparison.Framework", "Unity.APIComparison.Framework.csproj", "{024C966B-1075-778F-9CAA-88F96B2E8F47}"
EndProject
Project("{FAE04EC0-301F-11D3-BF4B-00C04F79EFBC}") = "Unity.Services.Core.Editor", "Unity.Services.Core.Editor.csproj", "{B6DE3E7B-E8E0-4267-FBDA-714F290175C2}"
EndProject
Project("{FAE04EC0-301F-11D3-BF4B-00C04F79EFBC}") = "Unity.TextMeshPro.Editor", "Unity.TextMeshPro.Editor.csproj", "{6487EC10-BC11-892B-A986-F09F326F4EB8}"
EndProject
Project("{FAE04EC0-301F-11D3-BF4B-00C04F79EFBC}") = "Unity.Netcode.EditorTests", "Unity.Netcode.EditorTests.csproj", "{BE360C13-6FEB-2D1B-DF2C-7D316B5E10C4}"
EndProject
Project("{FAE04EC0-301F-11D3-BF4B-00C04F79EFBC}") = "Unity.CollabProxy.Editor", "Unity.CollabProxy.Editor.csproj", "{932BECB1-9845-3FDB-EA02-051870489874}"
EndProject
Project("{FAE04EC0-301F-11D3-BF4B-00C04F79EFBC}") = "UnityEditor.TestRunner", "UnityEditor.TestRunner.csproj", "{79F1FE73-AA25-8496-BFA0-E4E7E9FF6A39}"
EndProject
Project("{FAE04EC0-301F-11D3-BF4B-00C04F79EFBC}") = "Unity.Services.Authentication.Editor", "Unity.Services.Authentication.Editor.csproj", "{0A2E206C-2071-1471-6D20-B73356C7FF64}"
EndProject
Project("{FAE04EC0-301F-11D3-BF4B-00C04F79EFBC}") = "Unity.Rider.Editor", "Unity.Rider.Editor.csproj", "{CC7E30A8-EC58-447E-70F7-78089B67D784}"
EndProject
Project("{FAE04EC0-301F-11D3-BF4B-00C04F79EFBC}") = "Unity.ScriptableBuildPipeline.Editor", "Unity.ScriptableBuildPipeline.Editor.csproj", "{CB30D9A9-B8D0-FAB5-666D-F8F591A2C059}"
EndProject
Project("{FAE04EC0-301F-11D3-BF4B-00C04F79EFBC}") = "Unity.PerformanceTesting.Editor", "Unity.PerformanceTesting.Editor.csproj", "{22720E1A-4217-6CED-438A-80164778B9C9}"
EndProject
Project("{FAE04EC0-301F-11D3-BF4B-00C04F79EFBC}") = "Unity.AI.Navigation.Editor", "Unity.AI.Navigation.Editor.csproj", "{5B0A38D0-4D06-CFA2-1680-FA32325E869B}"
EndProject
Project("{FAE04EC0-301F-11D3-BF4B-00C04F79EFBC}") = "Unity.Burst.CodeGen", "Unity.Burst.CodeGen.csproj", "{B954F7E5-E760-021B-03F6-E40E35E2D858}"
EndProject
Project("{FAE04EC0-301F-11D3-BF4B-00C04F79EFBC}") = "PvpXray", "PvpXray.csproj", "{B9D57B91-11CD-1342-3941-09495B1C0541}"
EndProject
Project("{FAE04EC0-301F-11D3-BF4B-00C04F79EFBC}") = "Unity.AI.Navigation.Editor.ConversionSystem", "Unity.AI.Navigation.Editor.ConversionSystem.csproj", "{94B5EAED-E635-C887-5DE0-CE2470D916BB}"
EndProject
Project("{FAE04EC0-301F-11D3-BF4B-00C04F79EFBC}") = "Unity.Collections.DocCodeSamples", "Unity.Collections.DocCodeSamples.csproj", "{B9EA483A-68D6-8D5D-37F6-85338F52D8B9}"
EndProject
Project("{FAE04EC0-301F-11D3-BF4B-00C04F79EFBC}") = "Unity.Netcode.Editor", "Unity.Netcode.Editor.csproj", "{1BA2FFF8-A090-55C1-39E9-08BDC4C1D347}"
EndProject
Project("{FAE04EC0-301F-11D3-BF4B-00C04F79EFBC}") = "Unity.Mathematics.Editor", "Unity.Mathematics.Editor.csproj", "{2B6DA9A1-3BF4-EDA2-75A2-66F5F853ECFC}"
EndProject
Project("{FAE04EC0-301F-11D3-BF4B-00C04F79EFBC}") = "Unity.Services.Core.Configuration.Editor", "Unity.Services.Core.Configuration.Editor.csproj", "{8FFFAE3A-8C19-1BD8-C411-94ABDC62BC57}"
EndProject
Project("{FAE04EC0-301F-11D3-BF4B-00C04F79EFBC}") = "UnityEditor.CacheServer", "UnityEditor.CacheServer.csproj", "{A1E71DF6-0711-4EAC-98B2-02FA2018D508}"
EndProject
Project("{FAE04EC0-301F-11D3-BF4B-00C04F79EFBC}") = "Unity.Burst.Editor", "Unity.Burst.Editor.csproj", "{F67AE313-7A29-A187-E2D0-47DD8667D955}"
EndProject
Project("{FAE04EC0-301F-11D3-BF4B-00C04F79EFBC}") = "Unity.AI.Navigation.Updater", "Unity.AI.Navigation.Updater.csproj", "{79989B6F-D3EF-0864-50A9-D6F0303856FE}"
EndProject
Project("{FAE04EC0-301F-11D3-BF4B-00C04F79EFBC}") = "Unity.Networking.Editor", "Unity.Networking.Editor.csproj", "{9B735E42-4336-9CE0-3074-B2D516910527}"
EndProject
Project("{FAE04EC0-301F-11D3-BF4B-00C04F79EFBC}") = "Unity.Netcode.Editor.CodeGen", "Unity.Netcode.Editor.CodeGen.csproj", "{ABFAB820-A522-8A82-0AF1-8B0FC7FC9E02}"
EndProject
Project("{FAE04EC0-301F-11D3-BF4B-00C04F79EFBC}") = "Unity.Netcode.Editor.PackageChecker", "Unity.Netcode.Editor.PackageChecker.csproj", "{06ADF83C-3FCB-020A-50AC-362FA56453A2}"
EndProject
Project("{FAE04EC0-301F-11D3-BF4B-00C04F79EFBC}") = "Unity.PackageValidationSuite.Editor.Extension", "Unity.PackageValidationSuite.Editor.Extension.csproj", "{F4249086-8B0E-4565-7DA1-6471DD7BB8B9}"
EndProject
Project("{FAE04EC0-301F-11D3-BF4B-00C04F79EFBC}") = "Unity.Collections.BurstCompatibilityGen", "Unity.Collections.BurstCompatibilityGen.csproj", "{B5FABA76-E187-FFAA-9B65-145B8A66A6D0}"
EndProject
Global
	GlobalSection(SolutionConfigurationPlatforms) = preSolution
		Debug|Any CPU = Debug|Any CPU
		Release|Any CPU = Release|Any CPU
	EndGlobalSection
	GlobalSection(ProjectConfigurationPlatforms) = postSolution
		{EC87A084-DC8E-66F5-7D6B-99B79BAFE17A}.Debug|Any CPU.ActiveCfg = Debug|Any CPU
		{EC87A084-DC8E-66F5-7D6B-99B79BAFE17A}.Debug|Any CPU.Build.0 = Debug|Any CPU
		{EC87A084-DC8E-66F5-7D6B-99B79BAFE17A}.Release|Any CPU.ActiveCfg = Release|Any CPU
		{EC87A084-DC8E-66F5-7D6B-99B79BAFE17A}.Release|Any CPU.Build.0 = Release|Any CPU
		{7E6B056A-510F-DB54-DFFF-78F6DFC7F47A}.Debug|Any CPU.ActiveCfg = Debug|Any CPU
		{7E6B056A-510F-DB54-DFFF-78F6DFC7F47A}.Debug|Any CPU.Build.0 = Debug|Any CPU
		{7E6B056A-510F-DB54-DFFF-78F6DFC7F47A}.Release|Any CPU.ActiveCfg = Release|Any CPU
		{7E6B056A-510F-DB54-DFFF-78F6DFC7F47A}.Release|Any CPU.Build.0 = Release|Any CPU
		{9698CB8D-D6A1-C8C5-4536-6905D1ECDBEA}.Debug|Any CPU.ActiveCfg = Debug|Any CPU
		{9698CB8D-D6A1-C8C5-4536-6905D1ECDBEA}.Debug|Any CPU.Build.0 = Debug|Any CPU
		{9698CB8D-D6A1-C8C5-4536-6905D1ECDBEA}.Release|Any CPU.ActiveCfg = Release|Any CPU
		{9698CB8D-D6A1-C8C5-4536-6905D1ECDBEA}.Release|Any CPU.Build.0 = Release|Any CPU
		{594E2D9F-7C8A-6718-8CBA-8E6F14866AEE}.Debug|Any CPU.ActiveCfg = Debug|Any CPU
		{594E2D9F-7C8A-6718-8CBA-8E6F14866AEE}.Debug|Any CPU.Build.0 = Debug|Any CPU
		{594E2D9F-7C8A-6718-8CBA-8E6F14866AEE}.Release|Any CPU.ActiveCfg = Release|Any CPU
		{594E2D9F-7C8A-6718-8CBA-8E6F14866AEE}.Release|Any CPU.Build.0 = Release|Any CPU
		{6CD29707-1C13-5143-3C4E-26327CB96829}.Debug|Any CPU.ActiveCfg = Debug|Any CPU
		{6CD29707-1C13-5143-3C4E-26327CB96829}.Debug|Any CPU.Build.0 = Debug|Any CPU
		{6CD29707-1C13-5143-3C4E-26327CB96829}.Release|Any CPU.ActiveCfg = Release|Any CPU
		{6CD29707-1C13-5143-3C4E-26327CB96829}.Release|Any CPU.Build.0 = Release|Any CPU
		{A8D90807-EB40-B8B8-7D1F-CED6A58793CF}.Debug|Any CPU.ActiveCfg = Debug|Any CPU
		{A8D90807-EB40-B8B8-7D1F-CED6A58793CF}.Debug|Any CPU.Build.0 = Debug|Any CPU
		{A8D90807-EB40-B8B8-7D1F-CED6A58793CF}.Release|Any CPU.ActiveCfg = Release|Any CPU
		{A8D90807-EB40-B8B8-7D1F-CED6A58793CF}.Release|Any CPU.Build.0 = Release|Any CPU
		{747ADFCD-F06D-AE79-9BC9-6B4844138D4B}.Debug|Any CPU.ActiveCfg = Debug|Any CPU
		{747ADFCD-F06D-AE79-9BC9-6B4844138D4B}.Debug|Any CPU.Build.0 = Debug|Any CPU
		{747ADFCD-F06D-AE79-9BC9-6B4844138D4B}.Release|Any CPU.ActiveCfg = Release|Any CPU
		{747ADFCD-F06D-AE79-9BC9-6B4844138D4B}.Release|Any CPU.Build.0 = Release|Any CPU
		{76BEB341-B62F-C2C0-F003-0C08EFACBAAE}.Debug|Any CPU.ActiveCfg = Debug|Any CPU
		{76BEB341-B62F-C2C0-F003-0C08EFACBAAE}.Debug|Any CPU.Build.0 = Debug|Any CPU
		{76BEB341-B62F-C2C0-F003-0C08EFACBAAE}.Release|Any CPU.ActiveCfg = Release|Any CPU
		{76BEB341-B62F-C2C0-F003-0C08EFACBAAE}.Release|Any CPU.Build.0 = Release|Any CPU
		{C22A8C21-6619-55D2-F74A-29349B772C35}.Debug|Any CPU.ActiveCfg = Debug|Any CPU
		{C22A8C21-6619-55D2-F74A-29349B772C35}.Debug|Any CPU.Build.0 = Debug|Any CPU
		{C22A8C21-6619-55D2-F74A-29349B772C35}.Release|Any CPU.ActiveCfg = Release|Any CPU
		{C22A8C21-6619-55D2-F74A-29349B772C35}.Release|Any CPU.Build.0 = Release|Any CPU
		{E0ED7668-610B-D092-5625-CDC18AEB33F7}.Debug|Any CPU.ActiveCfg = Debug|Any CPU
		{E0ED7668-610B-D092-5625-CDC18AEB33F7}.Debug|Any CPU.Build.0 = Debug|Any CPU
		{E0ED7668-610B-D092-5625-CDC18AEB33F7}.Release|Any CPU.ActiveCfg = Release|Any CPU
		{E0ED7668-610B-D092-5625-CDC18AEB33F7}.Release|Any CPU.Build.0 = Release|Any CPU
		{BCCFCE7C-A432-0BBE-DF3E-7BEA25375968}.Debug|Any CPU.ActiveCfg = Debug|Any CPU
		{BCCFCE7C-A432-0BBE-DF3E-7BEA25375968}.Debug|Any CPU.Build.0 = Debug|Any CPU
		{BCCFCE7C-A432-0BBE-DF3E-7BEA25375968}.Release|Any CPU.ActiveCfg = Release|Any CPU
		{BCCFCE7C-A432-0BBE-DF3E-7BEA25375968}.Release|Any CPU.Build.0 = Release|Any CPU
		{93E352D0-33B4-B7F4-F7BD-AA79A87538DD}.Debug|Any CPU.ActiveCfg = Debug|Any CPU
		{93E352D0-33B4-B7F4-F7BD-AA79A87538DD}.Debug|Any CPU.Build.0 = Debug|Any CPU
		{93E352D0-33B4-B7F4-F7BD-AA79A87538DD}.Release|Any CPU.ActiveCfg = Release|Any CPU
		{93E352D0-33B4-B7F4-F7BD-AA79A87538DD}.Release|Any CPU.Build.0 = Release|Any CPU
		{A242E91B-25F3-FF94-ABF0-C28D50513101}.Debug|Any CPU.ActiveCfg = Debug|Any CPU
		{A242E91B-25F3-FF94-ABF0-C28D50513101}.Debug|Any CPU.Build.0 = Debug|Any CPU
		{A242E91B-25F3-FF94-ABF0-C28D50513101}.Release|Any CPU.ActiveCfg = Release|Any CPU
		{A242E91B-25F3-FF94-ABF0-C28D50513101}.Release|Any CPU.Build.0 = Release|Any CPU
		{2736C723-444F-41F1-09DD-DC336D4BC7A0}.Debug|Any CPU.ActiveCfg = Debug|Any CPU
		{2736C723-444F-41F1-09DD-DC336D4BC7A0}.Debug|Any CPU.Build.0 = Debug|Any CPU
		{2736C723-444F-41F1-09DD-DC336D4BC7A0}.Release|Any CPU.ActiveCfg = Release|Any CPU
		{2736C723-444F-41F1-09DD-DC336D4BC7A0}.Release|Any CPU.Build.0 = Release|Any CPU
		{EB77DA53-23DE-BDE1-976C-BF99B6D6FB06}.Debug|Any CPU.ActiveCfg = Debug|Any CPU
		{EB77DA53-23DE-BDE1-976C-BF99B6D6FB06}.Debug|Any CPU.Build.0 = Debug|Any CPU
		{EB77DA53-23DE-BDE1-976C-BF99B6D6FB06}.Release|Any CPU.ActiveCfg = Release|Any CPU
		{EB77DA53-23DE-BDE1-976C-BF99B6D6FB06}.Release|Any CPU.Build.0 = Release|Any CPU
		{A436FB5D-11CB-8E56-D59C-79D42D96045E}.Debug|Any CPU.ActiveCfg = Debug|Any CPU
		{A436FB5D-11CB-8E56-D59C-79D42D96045E}.Debug|Any CPU.Build.0 = Debug|Any CPU
		{A436FB5D-11CB-8E56-D59C-79D42D96045E}.Release|Any CPU.ActiveCfg = Release|Any CPU
		{A436FB5D-11CB-8E56-D59C-79D42D96045E}.Release|Any CPU.Build.0 = Release|Any CPU
		{0A35E807-66ED-933C-3BE3-C8DF77BFF8ED}.Debug|Any CPU.ActiveCfg = Debug|Any CPU
		{0A35E807-66ED-933C-3BE3-C8DF77BFF8ED}.Debug|Any CPU.Build.0 = Debug|Any CPU
		{0A35E807-66ED-933C-3BE3-C8DF77BFF8ED}.Release|Any CPU.ActiveCfg = Release|Any CPU
		{0A35E807-66ED-933C-3BE3-C8DF77BFF8ED}.Release|Any CPU.Build.0 = Release|Any CPU
		{C59D80AE-2385-10FC-F7AE-FE78C71DA33F}.Debug|Any CPU.ActiveCfg = Debug|Any CPU
		{C59D80AE-2385-10FC-F7AE-FE78C71DA33F}.Debug|Any CPU.Build.0 = Debug|Any CPU
		{C59D80AE-2385-10FC-F7AE-FE78C71DA33F}.Release|Any CPU.ActiveCfg = Release|Any CPU
		{C59D80AE-2385-10FC-F7AE-FE78C71DA33F}.Release|Any CPU.Build.0 = Release|Any CPU
		{25A16A06-21CC-CDD7-A950-AF6876631807}.Debug|Any CPU.ActiveCfg = Debug|Any CPU
		{25A16A06-21CC-CDD7-A950-AF6876631807}.Debug|Any CPU.Build.0 = Debug|Any CPU
		{25A16A06-21CC-CDD7-A950-AF6876631807}.Release|Any CPU.ActiveCfg = Release|Any CPU
		{25A16A06-21CC-CDD7-A950-AF6876631807}.Release|Any CPU.Build.0 = Release|Any CPU
		{E33CC97E-E2DF-07E5-B0FE-DE1BB7CF2BB4}.Debug|Any CPU.ActiveCfg = Debug|Any CPU
		{E33CC97E-E2DF-07E5-B0FE-DE1BB7CF2BB4}.Debug|Any CPU.Build.0 = Debug|Any CPU
		{E33CC97E-E2DF-07E5-B0FE-DE1BB7CF2BB4}.Release|Any CPU.ActiveCfg = Release|Any CPU
		{E33CC97E-E2DF-07E5-B0FE-DE1BB7CF2BB4}.Release|Any CPU.Build.0 = Release|Any CPU
		{EC26704E-AB72-94FD-207E-04CE4C37A8C8}.Debug|Any CPU.ActiveCfg = Debug|Any CPU
		{EC26704E-AB72-94FD-207E-04CE4C37A8C8}.Debug|Any CPU.Build.0 = Debug|Any CPU
		{EC26704E-AB72-94FD-207E-04CE4C37A8C8}.Release|Any CPU.ActiveCfg = Release|Any CPU
		{EC26704E-AB72-94FD-207E-04CE4C37A8C8}.Release|Any CPU.Build.0 = Release|Any CPU
		{4B17D4F2-4CE4-6848-3954-BE419E293000}.Debug|Any CPU.ActiveCfg = Debug|Any CPU
		{4B17D4F2-4CE4-6848-3954-BE419E293000}.Debug|Any CPU.Build.0 = Debug|Any CPU
		{4B17D4F2-4CE4-6848-3954-BE419E293000}.Release|Any CPU.ActiveCfg = Release|Any CPU
		{4B17D4F2-4CE4-6848-3954-BE419E293000}.Release|Any CPU.Build.0 = Release|Any CPU
		{6A9FCDDB-E0E9-9CF3-0CC4-2F1FA6DF2A8D}.Debug|Any CPU.ActiveCfg = Debug|Any CPU
		{6A9FCDDB-E0E9-9CF3-0CC4-2F1FA6DF2A8D}.Debug|Any CPU.Build.0 = Debug|Any CPU
		{6A9FCDDB-E0E9-9CF3-0CC4-2F1FA6DF2A8D}.Release|Any CPU.ActiveCfg = Release|Any CPU
		{6A9FCDDB-E0E9-9CF3-0CC4-2F1FA6DF2A8D}.Release|Any CPU.Build.0 = Release|Any CPU
		{51B60D6D-6E29-C7CF-A16D-7B514582176E}.Debug|Any CPU.ActiveCfg = Debug|Any CPU
		{51B60D6D-6E29-C7CF-A16D-7B514582176E}.Debug|Any CPU.Build.0 = Debug|Any CPU
		{51B60D6D-6E29-C7CF-A16D-7B514582176E}.Release|Any CPU.ActiveCfg = Release|Any CPU
		{51B60D6D-6E29-C7CF-A16D-7B514582176E}.Release|Any CPU.Build.0 = Release|Any CPU
		{C2B931B6-3D22-1909-CD2D-6C0D80A95054}.Debug|Any CPU.ActiveCfg = Debug|Any CPU
		{C2B931B6-3D22-1909-CD2D-6C0D80A95054}.Debug|Any CPU.Build.0 = Debug|Any CPU
		{C2B931B6-3D22-1909-CD2D-6C0D80A95054}.Release|Any CPU.ActiveCfg = Release|Any CPU
		{C2B931B6-3D22-1909-CD2D-6C0D80A95054}.Release|Any CPU.Build.0 = Release|Any CPU
		{0DBD1A2F-6E04-2713-886E-6653BC7D8E0E}.Debug|Any CPU.ActiveCfg = Debug|Any CPU
		{0DBD1A2F-6E04-2713-886E-6653BC7D8E0E}.Debug|Any CPU.Build.0 = Debug|Any CPU
		{0DBD1A2F-6E04-2713-886E-6653BC7D8E0E}.Release|Any CPU.ActiveCfg = Release|Any CPU
		{0DBD1A2F-6E04-2713-886E-6653BC7D8E0E}.Release|Any CPU.Build.0 = Release|Any CPU
		{9EAD3E0E-7CB6-653A-981E-E8428F435468}.Debug|Any CPU.ActiveCfg = Debug|Any CPU
		{9EAD3E0E-7CB6-653A-981E-E8428F435468}.Debug|Any CPU.Build.0 = Debug|Any CPU
		{9EAD3E0E-7CB6-653A-981E-E8428F435468}.Release|Any CPU.ActiveCfg = Release|Any CPU
		{9EAD3E0E-7CB6-653A-981E-E8428F435468}.Release|Any CPU.Build.0 = Release|Any CPU
		{0A7CD5FF-99AF-58DB-AB45-CE0203450F8E}.Debug|Any CPU.ActiveCfg = Debug|Any CPU
		{0A7CD5FF-99AF-58DB-AB45-CE0203450F8E}.Debug|Any CPU.Build.0 = Debug|Any CPU
		{0A7CD5FF-99AF-58DB-AB45-CE0203450F8E}.Release|Any CPU.ActiveCfg = Release|Any CPU
		{0A7CD5FF-99AF-58DB-AB45-CE0203450F8E}.Release|Any CPU.Build.0 = Release|Any CPU
		{70879D31-04F8-089F-591A-733757988E56}.Debug|Any CPU.ActiveCfg = Debug|Any CPU
		{70879D31-04F8-089F-591A-733757988E56}.Debug|Any CPU.Build.0 = Debug|Any CPU
		{70879D31-04F8-089F-591A-733757988E56}.Release|Any CPU.ActiveCfg = Release|Any CPU
		{70879D31-04F8-089F-591A-733757988E56}.Release|Any CPU.Build.0 = Release|Any CPU
		{EB3159D7-AB70-DF8B-708D-C76DFBFB936C}.Debug|Any CPU.ActiveCfg = Debug|Any CPU
		{EB3159D7-AB70-DF8B-708D-C76DFBFB936C}.Debug|Any CPU.Build.0 = Debug|Any CPU
		{EB3159D7-AB70-DF8B-708D-C76DFBFB936C}.Release|Any CPU.ActiveCfg = Release|Any CPU
		{EB3159D7-AB70-DF8B-708D-C76DFBFB936C}.Release|Any CPU.Build.0 = Release|Any CPU
		{80B630D9-A194-6027-36CA-3AA4156FD527}.Debug|Any CPU.ActiveCfg = Debug|Any CPU
		{80B630D9-A194-6027-36CA-3AA4156FD527}.Debug|Any CPU.Build.0 = Debug|Any CPU
		{80B630D9-A194-6027-36CA-3AA4156FD527}.Release|Any CPU.ActiveCfg = Release|Any CPU
		{80B630D9-A194-6027-36CA-3AA4156FD527}.Release|Any CPU.Build.0 = Release|Any CPU
		{9F8A1921-5B19-3A73-352E-EF18A7AF30D0}.Debug|Any CPU.ActiveCfg = Debug|Any CPU
		{9F8A1921-5B19-3A73-352E-EF18A7AF30D0}.Debug|Any CPU.Build.0 = Debug|Any CPU
		{9F8A1921-5B19-3A73-352E-EF18A7AF30D0}.Release|Any CPU.ActiveCfg = Release|Any CPU
		{9F8A1921-5B19-3A73-352E-EF18A7AF30D0}.Release|Any CPU.Build.0 = Release|Any CPU
		{1E35F676-8350-141F-27B7-8906F42DA3A3}.Debug|Any CPU.ActiveCfg = Debug|Any CPU
		{1E35F676-8350-141F-27B7-8906F42DA3A3}.Debug|Any CPU.Build.0 = Debug|Any CPU
		{1E35F676-8350-141F-27B7-8906F42DA3A3}.Release|Any CPU.ActiveCfg = Release|Any CPU
		{1E35F676-8350-141F-27B7-8906F42DA3A3}.Release|Any CPU.Build.0 = Release|Any CPU
		{693FE464-0939-C46D-E2FF-AF58F4B8AB69}.Debug|Any CPU.ActiveCfg = Debug|Any CPU
		{693FE464-0939-C46D-E2FF-AF58F4B8AB69}.Debug|Any CPU.Build.0 = Debug|Any CPU
		{693FE464-0939-C46D-E2FF-AF58F4B8AB69}.Release|Any CPU.ActiveCfg = Release|Any CPU
		{693FE464-0939-C46D-E2FF-AF58F4B8AB69}.Release|Any CPU.Build.0 = Release|Any CPU
		{39B92571-B1F5-7649-3092-55C7D1246F40}.Debug|Any CPU.ActiveCfg = Debug|Any CPU
		{39B92571-B1F5-7649-3092-55C7D1246F40}.Debug|Any CPU.Build.0 = Debug|Any CPU
		{39B92571-B1F5-7649-3092-55C7D1246F40}.Release|Any CPU.ActiveCfg = Release|Any CPU
		{39B92571-B1F5-7649-3092-55C7D1246F40}.Release|Any CPU.Build.0 = Release|Any CPU
		{C355CE5D-CCCF-8DD4-864C-191FC84CC935}.Debug|Any CPU.ActiveCfg = Debug|Any CPU
		{C355CE5D-CCCF-8DD4-864C-191FC84CC935}.Debug|Any CPU.Build.0 = Debug|Any CPU
		{C355CE5D-CCCF-8DD4-864C-191FC84CC935}.Release|Any CPU.ActiveCfg = Release|Any CPU
		{C355CE5D-CCCF-8DD4-864C-191FC84CC935}.Release|Any CPU.Build.0 = Release|Any CPU
		{19C78275-1865-FCAD-2161-C7C4C1DF8055}.Debug|Any CPU.ActiveCfg = Debug|Any CPU
		{19C78275-1865-FCAD-2161-C7C4C1DF8055}.Debug|Any CPU.Build.0 = Debug|Any CPU
		{19C78275-1865-FCAD-2161-C7C4C1DF8055}.Release|Any CPU.ActiveCfg = Release|Any CPU
		{19C78275-1865-FCAD-2161-C7C4C1DF8055}.Release|Any CPU.Build.0 = Release|Any CPU
		{48C88CC5-C10C-26D4-F9E4-CD801DC6C332}.Debug|Any CPU.ActiveCfg = Debug|Any CPU
		{48C88CC5-C10C-26D4-F9E4-CD801DC6C332}.Debug|Any CPU.Build.0 = Debug|Any CPU
		{48C88CC5-C10C-26D4-F9E4-CD801DC6C332}.Release|Any CPU.ActiveCfg = Release|Any CPU
		{48C88CC5-C10C-26D4-F9E4-CD801DC6C332}.Release|Any CPU.Build.0 = Release|Any CPU
		{024C966B-1075-778F-9CAA-88F96B2E8F47}.Debug|Any CPU.ActiveCfg = Debug|Any CPU
		{024C966B-1075-778F-9CAA-88F96B2E8F47}.Debug|Any CPU.Build.0 = Debug|Any CPU
		{024C966B-1075-778F-9CAA-88F96B2E8F47}.Release|Any CPU.ActiveCfg = Release|Any CPU
		{024C966B-1075-778F-9CAA-88F96B2E8F47}.Release|Any CPU.Build.0 = Release|Any CPU
		{B6DE3E7B-E8E0-4267-FBDA-714F290175C2}.Debug|Any CPU.ActiveCfg = Debug|Any CPU
		{B6DE3E7B-E8E0-4267-FBDA-714F290175C2}.Debug|Any CPU.Build.0 = Debug|Any CPU
		{B6DE3E7B-E8E0-4267-FBDA-714F290175C2}.Release|Any CPU.ActiveCfg = Release|Any CPU
		{B6DE3E7B-E8E0-4267-FBDA-714F290175C2}.Release|Any CPU.Build.0 = Release|Any CPU
		{6487EC10-BC11-892B-A986-F09F326F4EB8}.Debug|Any CPU.ActiveCfg = Debug|Any CPU
		{6487EC10-BC11-892B-A986-F09F326F4EB8}.Debug|Any CPU.Build.0 = Debug|Any CPU
		{6487EC10-BC11-892B-A986-F09F326F4EB8}.Release|Any CPU.ActiveCfg = Release|Any CPU
		{6487EC10-BC11-892B-A986-F09F326F4EB8}.Release|Any CPU.Build.0 = Release|Any CPU
		{BE360C13-6FEB-2D1B-DF2C-7D316B5E10C4}.Debug|Any CPU.ActiveCfg = Debug|Any CPU
		{BE360C13-6FEB-2D1B-DF2C-7D316B5E10C4}.Debug|Any CPU.Build.0 = Debug|Any CPU
		{BE360C13-6FEB-2D1B-DF2C-7D316B5E10C4}.Release|Any CPU.ActiveCfg = Release|Any CPU
		{BE360C13-6FEB-2D1B-DF2C-7D316B5E10C4}.Release|Any CPU.Build.0 = Release|Any CPU
		{932BECB1-9845-3FDB-EA02-051870489874}.Debug|Any CPU.ActiveCfg = Debug|Any CPU
		{932BECB1-9845-3FDB-EA02-051870489874}.Debug|Any CPU.Build.0 = Debug|Any CPU
		{932BECB1-9845-3FDB-EA02-051870489874}.Release|Any CPU.ActiveCfg = Release|Any CPU
		{932BECB1-9845-3FDB-EA02-051870489874}.Release|Any CPU.Build.0 = Release|Any CPU
		{79F1FE73-AA25-8496-BFA0-E4E7E9FF6A39}.Debug|Any CPU.ActiveCfg = Debug|Any CPU
		{79F1FE73-AA25-8496-BFA0-E4E7E9FF6A39}.Debug|Any CPU.Build.0 = Debug|Any CPU
		{79F1FE73-AA25-8496-BFA0-E4E7E9FF6A39}.Release|Any CPU.ActiveCfg = Release|Any CPU
		{79F1FE73-AA25-8496-BFA0-E4E7E9FF6A39}.Release|Any CPU.Build.0 = Release|Any CPU
		{0A2E206C-2071-1471-6D20-B73356C7FF64}.Debug|Any CPU.ActiveCfg = Debug|Any CPU
		{0A2E206C-2071-1471-6D20-B73356C7FF64}.Debug|Any CPU.Build.0 = Debug|Any CPU
		{0A2E206C-2071-1471-6D20-B73356C7FF64}.Release|Any CPU.ActiveCfg = Release|Any CPU
		{0A2E206C-2071-1471-6D20-B73356C7FF64}.Release|Any CPU.Build.0 = Release|Any CPU
		{CC7E30A8-EC58-447E-70F7-78089B67D784}.Debug|Any CPU.ActiveCfg = Debug|Any CPU
		{CC7E30A8-EC58-447E-70F7-78089B67D784}.Debug|Any CPU.Build.0 = Debug|Any CPU
		{CC7E30A8-EC58-447E-70F7-78089B67D784}.Release|Any CPU.ActiveCfg = Release|Any CPU
		{CC7E30A8-EC58-447E-70F7-78089B67D784}.Release|Any CPU.Build.0 = Release|Any CPU
		{CB30D9A9-B8D0-FAB5-666D-F8F591A2C059}.Debug|Any CPU.ActiveCfg = Debug|Any CPU
		{CB30D9A9-B8D0-FAB5-666D-F8F591A2C059}.Debug|Any CPU.Build.0 = Debug|Any CPU
		{CB30D9A9-B8D0-FAB5-666D-F8F591A2C059}.Release|Any CPU.ActiveCfg = Release|Any CPU
		{CB30D9A9-B8D0-FAB5-666D-F8F591A2C059}.Release|Any CPU.Build.0 = Release|Any CPU
		{22720E1A-4217-6CED-438A-80164778B9C9}.Debug|Any CPU.ActiveCfg = Debug|Any CPU
		{22720E1A-4217-6CED-438A-80164778B9C9}.Debug|Any CPU.Build.0 = Debug|Any CPU
		{22720E1A-4217-6CED-438A-80164778B9C9}.Release|Any CPU.ActiveCfg = Release|Any CPU
		{22720E1A-4217-6CED-438A-80164778B9C9}.Release|Any CPU.Build.0 = Release|Any CPU
		{5B0A38D0-4D06-CFA2-1680-FA32325E869B}.Debug|Any CPU.ActiveCfg = Debug|Any CPU
		{5B0A38D0-4D06-CFA2-1680-FA32325E869B}.Debug|Any CPU.Build.0 = Debug|Any CPU
		{5B0A38D0-4D06-CFA2-1680-FA32325E869B}.Release|Any CPU.ActiveCfg = Release|Any CPU
		{5B0A38D0-4D06-CFA2-1680-FA32325E869B}.Release|Any CPU.Build.0 = Release|Any CPU
		{B954F7E5-E760-021B-03F6-E40E35E2D858}.Debug|Any CPU.ActiveCfg = Debug|Any CPU
		{B954F7E5-E760-021B-03F6-E40E35E2D858}.Debug|Any CPU.Build.0 = Debug|Any CPU
		{B954F7E5-E760-021B-03F6-E40E35E2D858}.Release|Any CPU.ActiveCfg = Release|Any CPU
		{B954F7E5-E760-021B-03F6-E40E35E2D858}.Release|Any CPU.Build.0 = Release|Any CPU
		{B9D57B91-11CD-1342-3941-09495B1C0541}.Debug|Any CPU.ActiveCfg = Debug|Any CPU
		{B9D57B91-11CD-1342-3941-09495B1C0541}.Debug|Any CPU.Build.0 = Debug|Any CPU
		{B9D57B91-11CD-1342-3941-09495B1C0541}.Release|Any CPU.ActiveCfg = Release|Any CPU
		{B9D57B91-11CD-1342-3941-09495B1C0541}.Release|Any CPU.Build.0 = Release|Any CPU
		{94B5EAED-E635-C887-5DE0-CE2470D916BB}.Debug|Any CPU.ActiveCfg = Debug|Any CPU
		{94B5EAED-E635-C887-5DE0-CE2470D916BB}.Debug|Any CPU.Build.0 = Debug|Any CPU
		{94B5EAED-E635-C887-5DE0-CE2470D916BB}.Release|Any CPU.ActiveCfg = Release|Any CPU
		{94B5EAED-E635-C887-5DE0-CE2470D916BB}.Release|Any CPU.Build.0 = Release|Any CPU
		{B9EA483A-68D6-8D5D-37F6-85338F52D8B9}.Debug|Any CPU.ActiveCfg = Debug|Any CPU
		{B9EA483A-68D6-8D5D-37F6-85338F52D8B9}.Debug|Any CPU.Build.0 = Debug|Any CPU
		{B9EA483A-68D6-8D5D-37F6-85338F52D8B9}.Release|Any CPU.ActiveCfg = Release|Any CPU
		{B9EA483A-68D6-8D5D-37F6-85338F52D8B9}.Release|Any CPU.Build.0 = Release|Any CPU
		{1BA2FFF8-A090-55C1-39E9-08BDC4C1D347}.Debug|Any CPU.ActiveCfg = Debug|Any CPU
		{1BA2FFF8-A090-55C1-39E9-08BDC4C1D347}.Debug|Any CPU.Build.0 = Debug|Any CPU
		{1BA2FFF8-A090-55C1-39E9-08BDC4C1D347}.Release|Any CPU.ActiveCfg = Release|Any CPU
		{1BA2FFF8-A090-55C1-39E9-08BDC4C1D347}.Release|Any CPU.Build.0 = Release|Any CPU
		{2B6DA9A1-3BF4-EDA2-75A2-66F5F853ECFC}.Debug|Any CPU.ActiveCfg = Debug|Any CPU
		{2B6DA9A1-3BF4-EDA2-75A2-66F5F853ECFC}.Debug|Any CPU.Build.0 = Debug|Any CPU
		{2B6DA9A1-3BF4-EDA2-75A2-66F5F853ECFC}.Release|Any CPU.ActiveCfg = Release|Any CPU
		{2B6DA9A1-3BF4-EDA2-75A2-66F5F853ECFC}.Release|Any CPU.Build.0 = Release|Any CPU
		{8FFFAE3A-8C19-1BD8-C411-94ABDC62BC57}.Debug|Any CPU.ActiveCfg = Debug|Any CPU
		{8FFFAE3A-8C19-1BD8-C411-94ABDC62BC57}.Debug|Any CPU.Build.0 = Debug|Any CPU
		{8FFFAE3A-8C19-1BD8-C411-94ABDC62BC57}.Release|Any CPU.ActiveCfg = Release|Any CPU
		{8FFFAE3A-8C19-1BD8-C411-94ABDC62BC57}.Release|Any CPU.Build.0 = Release|Any CPU
		{A1E71DF6-0711-4EAC-98B2-02FA2018D508}.Debug|Any CPU.ActiveCfg = Debug|Any CPU
		{A1E71DF6-0711-4EAC-98B2-02FA2018D508}.Debug|Any CPU.Build.0 = Debug|Any CPU
		{A1E71DF6-0711-4EAC-98B2-02FA2018D508}.Release|Any CPU.ActiveCfg = Release|Any CPU
		{A1E71DF6-0711-4EAC-98B2-02FA2018D508}.Release|Any CPU.Build.0 = Release|Any CPU
		{F67AE313-7A29-A187-E2D0-47DD8667D955}.Debug|Any CPU.ActiveCfg = Debug|Any CPU
		{F67AE313-7A29-A187-E2D0-47DD8667D955}.Debug|Any CPU.Build.0 = Debug|Any CPU
		{F67AE313-7A29-A187-E2D0-47DD8667D955}.Release|Any CPU.ActiveCfg = Release|Any CPU
		{F67AE313-7A29-A187-E2D0-47DD8667D955}.Release|Any CPU.Build.0 = Release|Any CPU
		{79989B6F-D3EF-0864-50A9-D6F0303856FE}.Debug|Any CPU.ActiveCfg = Debug|Any CPU
		{79989B6F-D3EF-0864-50A9-D6F0303856FE}.Debug|Any CPU.Build.0 = Debug|Any CPU
		{79989B6F-D3EF-0864-50A9-D6F0303856FE}.Release|Any CPU.ActiveCfg = Release|Any CPU
		{79989B6F-D3EF-0864-50A9-D6F0303856FE}.Release|Any CPU.Build.0 = Release|Any CPU
		{9B735E42-4336-9CE0-3074-B2D516910527}.Debug|Any CPU.ActiveCfg = Debug|Any CPU
		{9B735E42-4336-9CE0-3074-B2D516910527}.Debug|Any CPU.Build.0 = Debug|Any CPU
		{9B735E42-4336-9CE0-3074-B2D516910527}.Release|Any CPU.ActiveCfg = Release|Any CPU
		{9B735E42-4336-9CE0-3074-B2D516910527}.Release|Any CPU.Build.0 = Release|Any CPU
		{ABFAB820-A522-8A82-0AF1-8B0FC7FC9E02}.Debug|Any CPU.ActiveCfg = Debug|Any CPU
		{ABFAB820-A522-8A82-0AF1-8B0FC7FC9E02}.Debug|Any CPU.Build.0 = Debug|Any CPU
		{ABFAB820-A522-8A82-0AF1-8B0FC7FC9E02}.Release|Any CPU.ActiveCfg = Release|Any CPU
		{ABFAB820-A522-8A82-0AF1-8B0FC7FC9E02}.Release|Any CPU.Build.0 = Release|Any CPU
		{06ADF83C-3FCB-020A-50AC-362FA56453A2}.Debug|Any CPU.ActiveCfg = Debug|Any CPU
		{06ADF83C-3FCB-020A-50AC-362FA56453A2}.Debug|Any CPU.Build.0 = Debug|Any CPU
		{06ADF83C-3FCB-020A-50AC-362FA56453A2}.Release|Any CPU.ActiveCfg = Release|Any CPU
		{06ADF83C-3FCB-020A-50AC-362FA56453A2}.Release|Any CPU.Build.0 = Release|Any CPU
		{F4249086-8B0E-4565-7DA1-6471DD7BB8B9}.Debug|Any CPU.ActiveCfg = Debug|Any CPU
		{F4249086-8B0E-4565-7DA1-6471DD7BB8B9}.Debug|Any CPU.Build.0 = Debug|Any CPU
		{F4249086-8B0E-4565-7DA1-6471DD7BB8B9}.Release|Any CPU.ActiveCfg = Release|Any CPU
		{F4249086-8B0E-4565-7DA1-6471DD7BB8B9}.Release|Any CPU.Build.0 = Release|Any CPU
		{B5FABA76-E187-FFAA-9B65-145B8A66A6D0}.Debug|Any CPU.ActiveCfg = Debug|Any CPU
		{B5FABA76-E187-FFAA-9B65-145B8A66A6D0}.Debug|Any CPU.Build.0 = Debug|Any CPU
		{B5FABA76-E187-FFAA-9B65-145B8A66A6D0}.Release|Any CPU.ActiveCfg = Release|Any CPU
		{B5FABA76-E187-FFAA-9B65-145B8A66A6D0}.Release|Any CPU.Build.0 = Release|Any CPU
	EndGlobalSection
	GlobalSection(SolutionProperties) = preSolution
		HideSolutionNode = FALSE
	EndGlobalSection
EndGlobal
